
Microsoft Visual Studio Solution File, Format Version 12.00
# Visual Studio Version 16
VisualStudioVersion = 16.0.30503.244
MinimumVisualStudioVersion = 10.0.40219.1
Project("{FAE04EC0-301F-11D3-BF4B-00C04F79EFBC}") = "SampleContactUsApp.UI", "SampleContactUsApp\SampleContactUsApp.UI.csproj", "{D920D0FC-DF7E-4729-9336-3CAF678CF0F3}"
EndProject
Project("{FAE04EC0-301F-11D3-BF4B-00C04F79EFBC}") = "SampleContactUsApp.Contracts", "SampleContactUsApp.Repository\SampleContactUsApp.Contracts.csproj", "{6172F2D4-2A58-446A-B775-C025A85777C1}"
EndProject
Project("{FAE04EC0-301F-11D3-BF4B-00C04F79EFBC}") = "SampleContactUsApp.Services", "SampleContactUsApp.Services\SampleContactUsApp.Services.csproj", "{57942F92-F7E3-48E8-81DF-4071AFF35A88}"
EndProject
Project("{FAE04EC0-301F-11D3-BF4B-00C04F79EFBC}") = "SampleContactUsApp.Domain", "SampleContactUsApp.Data\SampleContactUsApp.Domain.csproj", "{35239700-DCAB-4BE1-9CDF-F73133CCB7C4}"
EndProject
Global
	GlobalSection(SolutionConfigurationPlatforms) = preSolution
		Debug|Any CPU = Debug|Any CPU
		Release|Any CPU = Release|Any CPU
	EndGlobalSection
	GlobalSection(ProjectConfigurationPlatforms) = postSolution
		{D920D0FC-DF7E-4729-9336-3CAF678CF0F3}.Debug|Any CPU.ActiveCfg = Debug|Any CPU
		{D920D0FC-DF7E-4729-9336-3CAF678CF0F3}.Debug|Any CPU.Build.0 = Debug|Any CPU
		{D920D0FC-DF7E-4729-9336-3CAF678CF0F3}.Release|Any CPU.ActiveCfg = Release|Any CPU
		{D920D0FC-DF7E-4729-9336-3CAF678CF0F3}.Release|Any CPU.Build.0 = Release|Any CPU
		{6172F2D4-2A58-446A-B775-C025A85777C1}.Debug|Any CPU.ActiveCfg = Debug|Any CPU
		{6172F2D4-2A58-446A-B775-C025A85777C1}.Debug|Any CPU.Build.0 = Debug|Any CPU
		{6172F2D4-2A58-446A-B775-C025A85777C1}.Release|Any CPU.ActiveCfg = Release|Any CPU
		{6172F2D4-2A58-446A-B775-C025A85777C1}.Release|Any CPU.Build.0 = Release|Any CPU
		{57942F92-F7E3-48E8-81DF-4071AFF35A88}.Debug|Any CPU.ActiveCfg = Debug|Any CPU
		{57942F92-F7E3-48E8-81DF-4071AFF35A88}.Debug|Any CPU.Build.0 = Debug|Any CPU
		{57942F92-F7E3-48E8-81DF-4071AFF35A88}.Release|Any CPU.ActiveCfg = Release|Any CPU
		{57942F92-F7E3-48E8-81DF-4071AFF35A88}.Release|Any CPU.Build.0 = Release|Any CPU
		{35239700-DCAB-4BE1-9CDF-F73133CCB7C4}.Debug|Any CPU.ActiveCfg = Debug|Any CPU
		{35239700-DCAB-4BE1-9CDF-F73133CCB7C4}.Debug|Any CPU.Build.0 = Debug|Any CPU
		{35239700-DCAB-4BE1-9CDF-F73133CCB7C4}.Release|Any CPU.ActiveCfg = Release|Any CPU
		{35239700-DCAB-4BE1-9CDF-F73133CCB7C4}.Release|Any CPU.Build.0 = Release|Any CPU
	EndGlobalSection
	GlobalSection(SolutionProperties) = preSolution
		HideSolutionNode = FALSE
	EndGlobalSection
	GlobalSection(ExtensibilityGlobals) = postSolution
		SolutionGuid = {84E5CF16-F412-41CD-ABA6-ECB212042E78}
	EndGlobalSection
EndGlobal
